prefixes:
  color_tft: pkg1
  fw_keyboard: localPkg2
  pixel_display: pkg0
packages:
  pkg0:
    url: github.com/toitware/toit-pixel-display
    version: 1.6.0
    hash: 39de82f680e27961e39ca24ba94520f21759370c
  pkg1:
    url: github.com/toitware/toit-color-tft
    version: 1.3.0
    hash: 485c03596df840ec16b3e198736f044785d7e145
    prefixes:
      pixel_display: pkg0
