prefixes:
  fw_keyboard: ..
packages:
  ..:
    path: ..
    prefixes:
      color_tft: toit-color-tft
      pixel_display: toit-pixel-display
  toit-color-tft:
    url: github.com/toitware/toit-color-tft
    version: 1.0.0
    prefixes:
      pixel_display: toit-pixel-display
  toit-pixel-display:
    url: github.com/toitware/toit-pixel-display
    version: 1.1.0
